
Microsoft Visual Studio Solution File, Format Version 12.00
# Visual Studio Version 16
VisualStudioVersion = 16.0.30907.101
MinimumVisualStudioVersion = 10.0.40219.1
Project("{9A19103F-16F7-4668-BE54-9A1E7A4F7556}") = "TimeStampClient", "TimeStampClient\TimeStampClient.csproj", "{41A8CFEB-6DE0-49D3-84B6-4ACA04459A92}"
EndProject
Project("{FAE04EC0-301F-11D3-BF4B-00C04F79EFBC}") = "TimeStampClientCmd", "TimeStampClientCmd\TimeStampClientCmd.csproj", "{48621175-3DB7-49C2-8857-99379B0C5B27}"
EndProject
Project("{FAE04EC0-301F-11D3-BF4B-00C04F79EFBC}") = "TimeStampClientGui.Windows", "TimeStampClientGui.Windows\TimeStampClientGui.Windows.csproj", "{9C02275A-4665-428B-9BFA-DF1D70C320F3}"
EndProject
Project("{9A19103F-16F7-4668-BE54-9A1E7A4F7556}") = "TimeStampClientGui.Linux", "TimeStampClientGui.Linux\TimeStampClientGui.Linux.csproj", "{7326BCB6-263E-430F-B0D5-71B442E87A54}"
EndProject
Project("{9A19103F-16F7-4668-BE54-9A1E7A4F7556}") = "TimeStampClientGui.MacOs", "TimeStampClientGui.MacOs\TimeStampClientGui.MacOs.csproj", "{EE454584-D145-4390-8B16-1D079AA70695}"
EndProject
Global
	GlobalSection(SolutionConfigurationPlatforms) = preSolution
		Debug|Any CPU = Debug|Any CPU
		Release|Any CPU = Release|Any CPU
	EndGlobalSection
	GlobalSection(ProjectConfigurationPlatforms) = postSolution
		{41A8CFEB-6DE0-49D3-84B6-4ACA04459A92}.Debug|Any CPU.ActiveCfg = Debug|Any CPU
		{41A8CFEB-6DE0-49D3-84B6-4ACA04459A92}.Debug|Any CPU.Build.0 = Debug|Any CPU
		{41A8CFEB-6DE0-49D3-84B6-4ACA04459A92}.Release|Any CPU.ActiveCfg = Release|Any CPU
		{41A8CFEB-6DE0-49D3-84B6-4ACA04459A92}.Release|Any CPU.Build.0 = Release|Any CPU
		{48621175-3DB7-49C2-8857-99379B0C5B27}.Debug|Any CPU.ActiveCfg = Debug|Any CPU
		{48621175-3DB7-49C2-8857-99379B0C5B27}.Debug|Any CPU.Build.0 = Debug|Any CPU
		{48621175-3DB7-49C2-8857-99379B0C5B27}.Release|Any CPU.ActiveCfg = Release|Any CPU
		{48621175-3DB7-49C2-8857-99379B0C5B27}.Release|Any CPU.Build.0 = Release|Any CPU
		{9C02275A-4665-428B-9BFA-DF1D70C320F3}.Debug|Any CPU.ActiveCfg = Debug|Any CPU
		{9C02275A-4665-428B-9BFA-DF1D70C320F3}.Debug|Any CPU.Build.0 = Debug|Any CPU
		{9C02275A-4665-428B-9BFA-DF1D70C320F3}.Release|Any CPU.ActiveCfg = Release|Any CPU
		{9C02275A-4665-428B-9BFA-DF1D70C320F3}.Release|Any CPU.Build.0 = Release|Any CPU
		{7326BCB6-263E-430F-B0D5-71B442E87A54}.Debug|Any CPU.ActiveCfg = Debug|Any CPU
		{7326BCB6-263E-430F-B0D5-71B442E87A54}.Debug|Any CPU.Build.0 = Debug|Any CPU
		{7326BCB6-263E-430F-B0D5-71B442E87A54}.Release|Any CPU.ActiveCfg = Release|Any CPU
		{7326BCB6-263E-430F-B0D5-71B442E87A54}.Release|Any CPU.Build.0 = Release|Any CPU
		{EE454584-D145-4390-8B16-1D079AA70695}.Debug|Any CPU.ActiveCfg = Debug|Any CPU
		{EE454584-D145-4390-8B16-1D079AA70695}.Debug|Any CPU.Build.0 = Debug|Any CPU
		{EE454584-D145-4390-8B16-1D079AA70695}.Release|Any CPU.ActiveCfg = Release|Any CPU
		{EE454584-D145-4390-8B16-1D079AA70695}.Release|Any CPU.Build.0 = Release|Any CPU
	EndGlobalSection
	GlobalSection(SolutionProperties) = preSolution
		HideSolutionNode = FALSE
	EndGlobalSection
	GlobalSection(ExtensibilityGlobals) = postSolution
		SolutionGuid = {727035AF-C1C2-4F8E-B590-D83D1E7666A3}
	EndGlobalSection
EndGlobal
